
Microsoft Visual Studio Solution File, Format Version 12.00
# Visual Studio Version 17
VisualStudioVersion = 17.1.32228.430
MinimumVisualStudioVersion = 10.0.40219.1
Project("{2150E333-8FDC-42A3-9474-1A3956D46DE8}") = "Solution Items", "Solution Items", "{F334FF89-09BD-4E94-9DC4-D6542105D505}"
EndProject
Project("{8BC9CEB8-8B4A-11D0-8D11-00A0C91BC942}") = "CoordinatorLib", "CoordinatorLib\CoordinatorLib.vcxproj", "{5CA3CB2A-FE76-4018-B20F-A8B670150CC6}"
EndProject
Project("{8BC9CEB8-8B4A-11D0-8D11-00A0C91BC942}") = "train", "train\train.vcxproj", "{73C626F0-9636-4E2D-B028-A4F7F085F844}"
EndProject
Project("{8BC9CEB8-8B4A-11D0-8D11-00A0C91BC942}") = "station", "station\station.vcxproj", "{DDE6003E-B458-457C-BAEF-6A9E56B04CD9}"
EndProject
Project("{8BC9CEB8-8B4A-11D0-8D11-00A0C91BC942}") = "conections", "conections\conections.vcxproj", "{C1C5ED17-5FD8-4341-AE08-3B03AC18465B}"
EndProject
Project("{8BC9CEB8-8B4A-11D0-8D11-00A0C91BC942}") = "timetable", "timetable\timetable.vcxproj", "{0C5B4B3C-D120-4144-91B7-86EF2EAE2E05}"
EndProject
Project("{8BC9CEB8-8B4A-11D0-8D11-00A0C91BC942}") = "person", "person\person.vcxproj", "{0955F507-2060-48C7-8520-1269DDA62964}"
EndProject
Project("{8BC9CEB8-8B4A-11D0-8D11-00A0C91BC942}") = "point", "point\point.vcxproj", "{A77EF402-B592-41DB-9B35-7D11BDCE5277}"
EndProject
Project("{8BC9CEB8-8B4A-11D0-8D11-00A0C91BC942}") = "AppLib", "AppLib\AppLib.vcxproj", "{405BB875-990D-4399-B16C-C173EFB87F70}"
EndProject
Project("{8BC9CEB8-8B4A-11D0-8D11-00A0C91BC942}") = "MainApplication", "MainApplication\MainApplication.vcxproj", "{53EE4AC3-FE10-4860-8AC3-7F1097A3F042}"
EndProject
Project("{8BC9CEB8-8B4A-11D0-8D11-00A0C91BC942}") = "MetroTest", "MetroTest\MetroTest.vcxproj", "{21473BD5-6FC4-4F8D-BBE4-FCB7D8CDC381}"
EndProject
Global
	GlobalSection(SolutionConfigurationPlatforms) = preSolution
		Debug|x64 = Debug|x64
		Debug|x86 = Debug|x86
		Release|x64 = Release|x64
		Release|x86 = Release|x86
	EndGlobalSection
	GlobalSection(ProjectConfigurationPlatforms) = postSolution
		{5CA3CB2A-FE76-4018-B20F-A8B670150CC6}.Debug|x64.ActiveCfg = Debug|x64
		{5CA3CB2A-FE76-4018-B20F-A8B670150CC6}.Debug|x64.Build.0 = Debug|x64
		{5CA3CB2A-FE76-4018-B20F-A8B670150CC6}.Debug|x86.ActiveCfg = Debug|Win32
		{5CA3CB2A-FE76-4018-B20F-A8B670150CC6}.Debug|x86.Build.0 = Debug|Win32
		{5CA3CB2A-FE76-4018-B20F-A8B670150CC6}.Release|x64.ActiveCfg = Release|x64
		{5CA3CB2A-FE76-4018-B20F-A8B670150CC6}.Release|x64.Build.0 = Release|x64
		{5CA3CB2A-FE76-4018-B20F-A8B670150CC6}.Release|x86.ActiveCfg = Release|Win32
		{5CA3CB2A-FE76-4018-B20F-A8B670150CC6}.Release|x86.Build.0 = Release|Win32
		{73C626F0-9636-4E2D-B028-A4F7F085F844}.Debug|x64.ActiveCfg = Debug|x64
		{73C626F0-9636-4E2D-B028-A4F7F085F844}.Debug|x64.Build.0 = Debug|x64
		{73C626F0-9636-4E2D-B028-A4F7F085F844}.Debug|x86.ActiveCfg = Debug|Win32
		{73C626F0-9636-4E2D-B028-A4F7F085F844}.Debug|x86.Build.0 = Debug|Win32
		{73C626F0-9636-4E2D-B028-A4F7F085F844}.Release|x64.ActiveCfg = Release|x64
		{73C626F0-9636-4E2D-B028-A4F7F085F844}.Release|x64.Build.0 = Release|x64
		{73C626F0-9636-4E2D-B028-A4F7F085F844}.Release|x86.ActiveCfg = Release|Win32
		{73C626F0-9636-4E2D-B028-A4F7F085F844}.Release|x86.Build.0 = Release|Win32
		{DDE6003E-B458-457C-BAEF-6A9E56B04CD9}.Debug|x64.ActiveCfg = Debug|x64
		{DDE6003E-B458-457C-BAEF-6A9E56B04CD9}.Debug|x64.Build.0 = Debug|x64
		{DDE6003E-B458-457C-BAEF-6A9E56B04CD9}.Debug|x86.ActiveCfg = Debug|Win32
		{DDE6003E-B458-457C-BAEF-6A9E56B04CD9}.Debug|x86.Build.0 = Debug|Win32
		{DDE6003E-B458-457C-BAEF-6A9E56B04CD9}.Release|x64.ActiveCfg = Release|x64
		{DDE6003E-B458-457C-BAEF-6A9E56B04CD9}.Release|x64.Build.0 = Release|x64
		{DDE6003E-B458-457C-BAEF-6A9E56B04CD9}.Release|x86.ActiveCfg = Release|Win32
		{DDE6003E-B458-457C-BAEF-6A9E56B04CD9}.Release|x86.Build.0 = Release|Win32
		{C1C5ED17-5FD8-4341-AE08-3B03AC18465B}.Debug|x64.ActiveCfg = Debug|x64
		{C1C5ED17-5FD8-4341-AE08-3B03AC18465B}.Debug|x64.Build.0 = Debug|x64
		{C1C5ED17-5FD8-4341-AE08-3B03AC18465B}.Debug|x86.ActiveCfg = Debug|Win32
		{C1C5ED17-5FD8-4341-AE08-3B03AC18465B}.Debug|x86.Build.0 = Debug|Win32
		{C1C5ED17-5FD8-4341-AE08-3B03AC18465B}.Release|x64.ActiveCfg = Release|x64
		{C1C5ED17-5FD8-4341-AE08-3B03AC18465B}.Release|x64.Build.0 = Release|x64
		{C1C5ED17-5FD8-4341-AE08-3B03AC18465B}.Release|x86.ActiveCfg = Release|Win32
		{C1C5ED17-5FD8-4341-AE08-3B03AC18465B}.Release|x86.Build.0 = Release|Win32
		{0C5B4B3C-D120-4144-91B7-86EF2EAE2E05}.Debug|x64.ActiveCfg = Debug|x64
		{0C5B4B3C-D120-4144-91B7-86EF2EAE2E05}.Debug|x64.Build.0 = Debug|x64
		{0C5B4B3C-D120-4144-91B7-86EF2EAE2E05}.Debug|x86.ActiveCfg = Debug|Win32
		{0C5B4B3C-D120-4144-91B7-86EF2EAE2E05}.Debug|x86.Build.0 = Debug|Win32
		{0C5B4B3C-D120-4144-91B7-86EF2EAE2E05}.Release|x64.ActiveCfg = Release|x64
		{0C5B4B3C-D120-4144-91B7-86EF2EAE2E05}.Release|x64.Build.0 = Release|x64
		{0C5B4B3C-D120-4144-91B7-86EF2EAE2E05}.Release|x86.ActiveCfg = Release|Win32
		{0C5B4B3C-D120-4144-91B7-86EF2EAE2E05}.Release|x86.Build.0 = Release|Win32
		{0955F507-2060-48C7-8520-1269DDA62964}.Debug|x64.ActiveCfg = Debug|x64
		{0955F507-2060-48C7-8520-1269DDA62964}.Debug|x64.Build.0 = Debug|x64
		{0955F507-2060-48C7-8520-1269DDA62964}.Debug|x86.ActiveCfg = Debug|Win32
		{0955F507-2060-48C7-8520-1269DDA62964}.Debug|x86.Build.0 = Debug|Win32
		{0955F507-2060-48C7-8520-1269DDA62964}.Release|x64.ActiveCfg = Release|x64
		{0955F507-2060-48C7-8520-1269DDA62964}.Release|x64.Build.0 = Release|x64
		{0955F507-2060-48C7-8520-1269DDA62964}.Release|x86.ActiveCfg = Release|Win32
		{0955F507-2060-48C7-8520-1269DDA62964}.Release|x86.Build.0 = Release|Win32
		{A77EF402-B592-41DB-9B35-7D11BDCE5277}.Debug|x64.ActiveCfg = Debug|x64
		{A77EF402-B592-41DB-9B35-7D11BDCE5277}.Debug|x64.Build.0 = Debug|x64
		{A77EF402-B592-41DB-9B35-7D11BDCE5277}.Debug|x86.ActiveCfg = Debug|Win32
		{A77EF402-B592-41DB-9B35-7D11BDCE5277}.Debug|x86.Build.0 = Debug|Win32
		{A77EF402-B592-41DB-9B35-7D11BDCE5277}.Release|x64.ActiveCfg = Release|x64
		{A77EF402-B592-41DB-9B35-7D11BDCE5277}.Release|x64.Build.0 = Release|x64
		{A77EF402-B592-41DB-9B35-7D11BDCE5277}.Release|x86.ActiveCfg = Release|Win32
		{A77EF402-B592-41DB-9B35-7D11BDCE5277}.Release|x86.Build.0 = Release|Win32
		{405BB875-990D-4399-B16C-C173EFB87F70}.Debug|x64.ActiveCfg = Debug|x64
		{405BB875-990D-4399-B16C-C173EFB87F70}.Debug|x64.Build.0 = Debug|x64
		{405BB875-990D-4399-B16C-C173EFB87F70}.Debug|x86.ActiveCfg = Debug|Win32
		{405BB875-990D-4399-B16C-C173EFB87F70}.Debug|x86.Build.0 = Debug|Win32
		{405BB875-990D-4399-B16C-C173EFB87F70}.Release|x64.ActiveCfg = Release|x64
		{405BB875-990D-4399-B16C-C173EFB87F70}.Release|x64.Build.0 = Release|x64
		{405BB875-990D-4399-B16C-C173EFB87F70}.Release|x86.ActiveCfg = Release|Win32
		{405BB875-990D-4399-B16C-C173EFB87F70}.Release|x86.Build.0 = Release|Win32
		{53EE4AC3-FE10-4860-8AC3-7F1097A3F042}.Debug|x64.ActiveCfg = Debug|x64
		{53EE4AC3-FE10-4860-8AC3-7F1097A3F042}.Debug|x64.Build.0 = Debug|x64
		{53EE4AC3-FE10-4860-8AC3-7F1097A3F042}.Debug|x86.ActiveCfg = Debug|Win32
		{53EE4AC3-FE10-4860-8AC3-7F1097A3F042}.Debug|x86.Build.0 = Debug|Win32
		{53EE4AC3-FE10-4860-8AC3-7F1097A3F042}.Release|x64.ActiveCfg = Release|x64
		{53EE4AC3-FE10-4860-8AC3-7F1097A3F042}.Release|x64.Build.0 = Release|x64
		{53EE4AC3-FE10-4860-8AC3-7F1097A3F042}.Release|x86.ActiveCfg = Release|Win32
		{53EE4AC3-FE10-4860-8AC3-7F1097A3F042}.Release|x86.Build.0 = Release|Win32
		{21473BD5-6FC4-4F8D-BBE4-FCB7D8CDC381}.Debug|x64.ActiveCfg = Debug|x64
		{21473BD5-6FC4-4F8D-BBE4-FCB7D8CDC381}.Debug|x64.Build.0 = Debug|x64
		{21473BD5-6FC4-4F8D-BBE4-FCB7D8CDC381}.Debug|x86.ActiveCfg = Debug|Win32
		{21473BD5-6FC4-4F8D-BBE4-FCB7D8CDC381}.Debug|x86.Build.0 = Debug|Win32
		{21473BD5-6FC4-4F8D-BBE4-FCB7D8CDC381}.Release|x64.ActiveCfg = Release|x64
		{21473BD5-6FC4-4F8D-BBE4-FCB7D8CDC381}.Release|x64.Build.0 = Release|x64
		{21473BD5-6FC4-4F8D-BBE4-FCB7D8CDC381}.Release|x86.ActiveCfg = Release|Win32
		{21473BD5-6FC4-4F8D-BBE4-FCB7D8CDC381}.Release|x86.Build.0 = Release|Win32
	EndGlobalSection
	GlobalSection(SolutionProperties) = preSolution
		HideSolutionNode = FALSE
	EndGlobalSection
	GlobalSection(ExtensibilityGlobals) = postSolution
		SolutionGuid = {0B3879B8-46AE-4480-B0C8-7E94184D3F76}
	EndGlobalSection
EndGlobal
